
Microsoft Visual Studio Solution File, Format Version 12.00
# Visual Studio 15
VisualStudioVersion = 15.0.26730.16
MinimumVisualStudioVersion = 10.0.40219.1
Project("{FAE04EC0-301F-11D3-BF4B-00C04F79EFBC}") = "SQTEC_Fidelidade", "SQTEC_Fidelidade\SQTEC_Fidelidade.csproj", "{435AD43E-4E3F-4AF3-8AAE-74AD7D69891A}"
EndProject
Project("{FAE04EC0-301F-11D3-BF4B-00C04F79EFBC}") = "Dominio", "Dominio\Dominio.csproj", "{7318CDF1-1654-42AD-9883-3D424D72B3B8}"
EndProject
Global
	GlobalSection(SolutionConfigurationPlatforms) = preSolution
		Debug|Any CPU = Debug|Any CPU
		Release|Any CPU = Release|Any CPU
	EndGlobalSection
	GlobalSection(ProjectConfigurationPlatforms) = postSolution
		{435AD43E-4E3F-4AF3-8AAE-74AD7D69891A}.Debug|Any CPU.ActiveCfg = Debug|Any CPU
		{435AD43E-4E3F-4AF3-8AAE-74AD7D69891A}.Debug|Any CPU.Build.0 = Debug|Any CPU
		{435AD43E-4E3F-4AF3-8AAE-74AD7D69891A}.Release|Any CPU.ActiveCfg = Release|Any CPU
		{435AD43E-4E3F-4AF3-8AAE-74AD7D69891A}.Release|Any CPU.Build.0 = Release|Any CPU
		{7318CDF1-1654-42AD-9883-3D424D72B3B8}.Debug|Any CPU.ActiveCfg = Debug|Any CPU
		{7318CDF1-1654-42AD-9883-3D424D72B3B8}.Debug|Any CPU.Build.0 = Debug|Any CPU
		{7318CDF1-1654-42AD-9883-3D424D72B3B8}.Release|Any CPU.ActiveCfg = Release|Any CPU
		{7318CDF1-1654-42AD-9883-3D424D72B3B8}.Release|Any CPU.Build.0 = Release|Any CPU
	EndGlobalSection
	GlobalSection(SolutionProperties) = preSolution
		HideSolutionNode = FALSE
	EndGlobalSection
	GlobalSection(ExtensibilityGlobals) = postSolution
		SolutionGuid = {8B5D8CCF-45C9-47B6-A414-B55A2DA7B7E9}
	EndGlobalSection
EndGlobal
